// !$*UTF8*$!
{
	archiveVersion = 1;
	classes = {
	};
	objectVersion = 56;
	objects = {

/* Begin PBXBuildFile section */
		0906B4A92C3BADA30001ED27 /* GetRecipesMMCApp.swift in Sources */ = {isa = PBXBuildFile; fileRef = 0906B4A82C3BADA30001ED27 /* GetRecipesMMCApp.swift */; };
		0906B4AB2C3BADA30001ED27 /* SearchResultView.swift in Sources */ = {isa = PBXBuildFile; fileRef = 0906B4AA2C3BADA30001ED27 /* SearchResultView.swift */; };
		0906B4AD2C3BADA50001ED27 /* Assets.xcassets in Resources */ = {isa = PBXBuildFile; fileRef = 0906B4AC2C3BADA50001ED27 /* Assets.xcassets */; };
		0906B4B02C3BADA50001ED27 /* Preview Assets.xcassets in Resources */ = {isa = PBXBuildFile; fileRef = 0906B4AF2C3BADA50001ED27 /* Preview Assets.xcassets */; };
		0906B4B72C3BAE270001ED27 /* Model.swift in Sources */ = {isa = PBXBuildFile; fileRef = 0906B4B62C3BAE270001ED27 /* Model.swift */; };
		0906B4B92C3BAE4C0001ED27 /* WebService.swift in Sources */ = {isa = PBXBuildFile; fileRef = 0906B4B82C3BAE4C0001ED27 /* WebService.swift */; };
		0906B4BB2C3BAEE40001ED27 /* APIError.swift in Sources */ = {isa = PBXBuildFile; fileRef = 0906B4BA2C3BAEE40001ED27 /* APIError.swift */; };
		091577CA2C571AF6007A434A /* RatingView.swift in Sources */ = {isa = PBXBuildFile; fileRef = 091577C92C571AF6007A434A /* RatingView.swift */; };
		0973BE0B2C4481F10042D183 /* Divider.swift in Sources */ = {isa = PBXBuildFile; fileRef = 0973BE092C4481F00042D183 /* Divider.swift */; };
		0973BE0C2C4481F10042D183 /* RecipeCellView.swift in Sources */ = {isa = PBXBuildFile; fileRef = 0973BE0A2C4481F10042D183 /* RecipeCellView.swift */; };
		0973BE0E2C4482380042D183 /* Utility.swift in Sources */ = {isa = PBXBuildFile; fileRef = 0973BE0D2C4482380042D183 /* Utility.swift */; };
		098F21DE2C8F4F4B00B6F419 /* FirebaseAuth in Frameworks */ = {isa = PBXBuildFile; productRef = 098F21DD2C8F4F4B00B6F419 /* FirebaseAuth */; };
		098F21E02C8F4F4B00B6F419 /* FirebaseDatabase in Frameworks */ = {isa = PBXBuildFile; productRef = 098F21DF2C8F4F4B00B6F419 /* FirebaseDatabase */; };
		098F21E22C8F4F8300B6F419 /* GoogleService-Info.plist in Resources */ = {isa = PBXBuildFile; fileRef = 098F21E12C8F4F8300B6F419 /* GoogleService-Info.plist */; };
		098FC4962C8AA0C800046330 /* MainTabView.swift in Sources */ = {isa = PBXBuildFile; fileRef = 098FC4952C8AA0C800046330 /* MainTabView.swift */; };
		099407A02C8B7FF900673053 /* testingTag.json in Resources */ = {isa = PBXBuildFile; fileRef = 0994079F2C8B7FF900673053 /* testingTag.json */; };
		099407A32C8BF54B00673053 /* ContentView.swift in Sources */ = {isa = PBXBuildFile; fileRef = 099407A22C8BF54B00673053 /* ContentView.swift */; };
		099407A62C8BFDE700673053 /* SearchView.swift in Sources */ = {isa = PBXBuildFile; fileRef = 099407A52C8BFDE700673053 /* SearchView.swift */; };
		099407A82C8C002D00673053 /* SearchListView.swift in Sources */ = {isa = PBXBuildFile; fileRef = 099407A72C8C002D00673053 /* SearchListView.swift */; };
		099407AA2C8C017D00673053 /* SearchTextFieldView.swift in Sources */ = {isa = PBXBuildFile; fileRef = 099407A92C8C017D00673053 /* SearchTextFieldView.swift */; };
		099407AC2C8C03A100673053 /* AddButtonView.swift in Sources */ = {isa = PBXBuildFile; fileRef = 099407AB2C8C03A100673053 /* AddButtonView.swift */; };
		099407AE2C8C0AB700673053 /* MealScrollView.swift in Sources */ = {isa = PBXBuildFile; fileRef = 099407AD2C8C0AB700673053 /* MealScrollView.swift */; };
		099407B02C8CB95F00673053 /* CuisineScrollView.swift in Sources */ = {isa = PBXBuildFile; fileRef = 099407AF2C8CB95F00673053 /* CuisineScrollView.swift */; };
		099407B22C8D4FB200673053 /* SearchButtonView.swift in Sources */ = {isa = PBXBuildFile; fileRef = 099407B12C8D4FB200673053 /* SearchButtonView.swift */; };
		099407B42C8D516F00673053 /* ClearButtonView.swift in Sources */ = {isa = PBXBuildFile; fileRef = 099407B32C8D516F00673053 /* ClearButtonView.swift */; };
		0994F05F2C3CC5F3000B89A6 /* testing.json in Resources */ = {isa = PBXBuildFile; fileRef = 0994F05E2C3CC5F3000B89A6 /* testing.json */; };
		09B5466E2C857C5E0080EB4F /* testing1.json in Resources */ = {isa = PBXBuildFile; fileRef = 09B5466D2C857C5E0080EB4F /* testing1.json */; };
		09B546712C857D9A0080EB4F /* testing2.json in Resources */ = {isa = PBXBuildFile; fileRef = 09B5466F2C857D9A0080EB4F /* testing2.json */; };
		09B546722C857D9A0080EB4F /* testing3.json in Resources */ = {isa = PBXBuildFile; fileRef = 09B546702C857D9A0080EB4F /* testing3.json */; };
		09B546742C8583E50080EB4F /* HomeView.swift in Sources */ = {isa = PBXBuildFile; fileRef = 09B546732C8583E50080EB4F /* HomeView.swift */; };
		09B546762C8585EE0080EB4F /* RecipeCardView.swift in Sources */ = {isa = PBXBuildFile; fileRef = 09B546752C8585EE0080EB4F /* RecipeCardView.swift */; };
		09B546782C8599F70080EB4F /* TagListView.swift in Sources */ = {isa = PBXBuildFile; fileRef = 09B546772C8599F70080EB4F /* TagListView.swift */; };
		09B546822C859B820080EB4F /* DescriptionView.swift in Sources */ = {isa = PBXBuildFile; fileRef = 09B546792C859B820080EB4F /* DescriptionView.swift */; };
		09B546832C859B820080EB4F /* NutritionView.swift in Sources */ = {isa = PBXBuildFile; fileRef = 09B5467A2C859B820080EB4F /* NutritionView.swift */; };
		09B546842C859B820080EB4F /* RecipeVideoPlayerView.swift in Sources */ = {isa = PBXBuildFile; fileRef = 09B5467B2C859B820080EB4F /* RecipeVideoPlayerView.swift */; };
		09B546852C859B820080EB4F /* SingleRecipeToolBar.swift in Sources */ = {isa = PBXBuildFile; fileRef = 09B5467C2C859B820080EB4F /* SingleRecipeToolBar.swift */; };
		09B546862C859B820080EB4F /* SingleRecipeView.swift in Sources */ = {isa = PBXBuildFile; fileRef = 09B5467D2C859B820080EB4F /* SingleRecipeView.swift */; };
		09B546872C859B820080EB4F /* ToolBarFavoriteButton.swift in Sources */ = {isa = PBXBuildFile; fileRef = 09B5467E2C859B820080EB4F /* ToolBarFavoriteButton.swift */; };
		09B546882C859B820080EB4F /* ToolBarPlayButton.swift in Sources */ = {isa = PBXBuildFile; fileRef = 09B5467F2C859B820080EB4F /* ToolBarPlayButton.swift */; };
		09B546892C859B820080EB4F /* ToolBarPrintButton.swift in Sources */ = {isa = PBXBuildFile; fileRef = 09B546802C859B820080EB4F /* ToolBarPrintButton.swift */; };
		09B5468C2C86D29F0080EB4F /* HomeViewModel.swift in Sources */ = {isa = PBXBuildFile; fileRef = 09B5468B2C86D29F0080EB4F /* HomeViewModel.swift */; };
		09B5468F2C86FECB0080EB4F /* testing4.json in Resources */ = {isa = PBXBuildFile; fileRef = 09B5468E2C86FECB0080EB4F /* testing4.json */; };
/* End PBXBuildFile section */

/* Begin PBXFileReference section */
		0906B4A52C3BADA30001ED27 /* GetRecipesMMC.app */ = {isa = PBXFileReference; explicitFileType = wrapper.application; includeInIndex = 0; path = GetRecipesMMC.app; sourceTree = BUILT_PRODUCTS_DIR; };
		0906B4A82C3BADA30001ED27 /* GetRecipesMMCApp.swift */ = {isa = PBXFileReference; lastKnownFileType = sourcecode.swift; path = GetRecipesMMCApp.swift; sourceTree = "<group>"; };
		0906B4AA2C3BADA30001ED27 /* SearchResultView.swift */ = {isa = PBXFileReference; lastKnownFileType = sourcecode.swift; path = SearchResultView.swift; sourceTree = "<group>"; };
		0906B4AC2C3BADA50001ED27 /* Assets.xcassets */ = {isa = PBXFileReference; lastKnownFileType = folder.assetcatalog; path = Assets.xcassets; sourceTree = "<group>"; };
		0906B4AF2C3BADA50001ED27 /* Preview Assets.xcassets */ = {isa = PBXFileReference; lastKnownFileType = folder.assetcatalog; path = "Preview Assets.xcassets"; sourceTree = "<group>"; };
		0906B4B62C3BAE270001ED27 /* Model.swift */ = {isa = PBXFileReference; lastKnownFileType = sourcecode.swift; path = Model.swift; sourceTree = "<group>"; };
		0906B4B82C3BAE4C0001ED27 /* WebService.swift */ = {isa = PBXFileReference; lastKnownFileType = sourcecode.swift; path = WebService.swift; sourceTree = "<group>"; };
		0906B4BA2C3BAEE40001ED27 /* APIError.swift */ = {isa = PBXFileReference; lastKnownFileType = sourcecode.swift; path = APIError.swift; sourceTree = "<group>"; };
		091577C92C571AF6007A434A /* RatingView.swift */ = {isa = PBXFileReference; lastKnownFileType = sourcecode.swift; path = RatingView.swift; sourceTree = "<group>"; };
		0973BE092C4481F00042D183 /* Divider.swift */ = {isa = PBXFileReference; fileEncoding = 4; lastKnownFileType = sourcecode.swift; path = Divider.swift; sourceTree = "<group>"; };
		0973BE0A2C4481F10042D183 /* RecipeCellView.swift */ = {isa = PBXFileReference; fileEncoding = 4; lastKnownFileType = sourcecode.swift; path = RecipeCellView.swift; sourceTree = "<group>"; };
		0973BE0D2C4482380042D183 /* Utility.swift */ = {isa = PBXFileReference; fileEncoding = 4; lastKnownFileType = sourcecode.swift; path = Utility.swift; sourceTree = "<group>"; };
		098F21E12C8F4F8300B6F419 /* GoogleService-Info.plist */ = {isa = PBXFileReference; fileEncoding = 4; lastKnownFileType = text.plist.xml; path = "GoogleService-Info.plist"; sourceTree = "<group>"; };
		098FC4952C8AA0C800046330 /* MainTabView.swift */ = {isa = PBXFileReference; lastKnownFileType = sourcecode.swift; path = MainTabView.swift; sourceTree = "<group>"; };
		0994079F2C8B7FF900673053 /* testingTag.json */ = {isa = PBXFileReference; fileEncoding = 4; lastKnownFileType = text.json; path = testingTag.json; sourceTree = "<group>"; };
		099407A22C8BF54B00673053 /* ContentView.swift */ = {isa = PBXFileReference; lastKnownFileType = sourcecode.swift; path = ContentView.swift; sourceTree = "<group>"; };
		099407A52C8BFDE700673053 /* SearchView.swift */ = {isa = PBXFileReference; lastKnownFileType = sourcecode.swift; path = SearchView.swift; sourceTree = "<group>"; };
		099407A72C8C002D00673053 /* SearchListView.swift */ = {isa = PBXFileReference; lastKnownFileType = sourcecode.swift; path = SearchListView.swift; sourceTree = "<group>"; };
		099407A92C8C017D00673053 /* SearchTextFieldView.swift */ = {isa = PBXFileReference; lastKnownFileType = sourcecode.swift; path = SearchTextFieldView.swift; sourceTree = "<group>"; };
		099407AB2C8C03A100673053 /* AddButtonView.swift */ = {isa = PBXFileReference; lastKnownFileType = sourcecode.swift; path = AddButtonView.swift; sourceTree = "<group>"; };
		099407AD2C8C0AB700673053 /* MealScrollView.swift */ = {isa = PBXFileReference; lastKnownFileType = sourcecode.swift; path = MealScrollView.swift; sourceTree = "<group>"; };
		099407AF2C8CB95F00673053 /* CuisineScrollView.swift */ = {isa = PBXFileReference; lastKnownFileType = sourcecode.swift; path = CuisineScrollView.swift; sourceTree = "<group>"; };
		099407B12C8D4FB200673053 /* SearchButtonView.swift */ = {isa = PBXFileReference; lastKnownFileType = sourcecode.swift; path = SearchButtonView.swift; sourceTree = "<group>"; };
		099407B32C8D516F00673053 /* ClearButtonView.swift */ = {isa = PBXFileReference; lastKnownFileType = sourcecode.swift; path = ClearButtonView.swift; sourceTree = "<group>"; };
		0994F05E2C3CC5F3000B89A6 /* testing.json */ = {isa = PBXFileReference; fileEncoding = 4; lastKnownFileType = text.json; path = testing.json; sourceTree = "<group>"; };
		09B5466D2C857C5E0080EB4F /* testing1.json */ = {isa = PBXFileReference; fileEncoding = 4; lastKnownFileType = text.json; path = testing1.json; sourceTree = "<group>"; };
		09B5466F2C857D9A0080EB4F /* testing2.json */ = {isa = PBXFileReference; fileEncoding = 4; lastKnownFileType = text.json; path = testing2.json; sourceTree = "<group>"; };
		09B546702C857D9A0080EB4F /* testing3.json */ = {isa = PBXFileReference; fileEncoding = 4; lastKnownFileType = text.json; path = testing3.json; sourceTree = "<group>"; };
		09B546732C8583E50080EB4F /* HomeView.swift */ = {isa = PBXFileReference; lastKnownFileType = sourcecode.swift; path = HomeView.swift; sourceTree = "<group>"; };
		09B546752C8585EE0080EB4F /* RecipeCardView.swift */ = {isa = PBXFileReference; lastKnownFileType = sourcecode.swift; path = RecipeCardView.swift; sourceTree = "<group>"; };
		09B546772C8599F70080EB4F /* TagListView.swift */ = {isa = PBXFileReference; lastKnownFileType = sourcecode.swift; path = TagListView.swift; sourceTree = "<group>"; };
		09B546792C859B820080EB4F /* DescriptionView.swift */ = {isa = PBXFileReference; fileEncoding = 4; lastKnownFileType = sourcecode.swift; path = DescriptionView.swift; sourceTree = "<group>"; };
		09B5467A2C859B820080EB4F /* NutritionView.swift */ = {isa = PBXFileReference; fileEncoding = 4; lastKnownFileType = sourcecode.swift; path = NutritionView.swift; sourceTree = "<group>"; };
		09B5467B2C859B820080EB4F /* RecipeVideoPlayerView.swift */ = {isa = PBXFileReference; fileEncoding = 4; lastKnownFileType = sourcecode.swift; path = RecipeVideoPlayerView.swift; sourceTree = "<group>"; };
		09B5467C2C859B820080EB4F /* SingleRecipeToolBar.swift */ = {isa = PBXFileReference; fileEncoding = 4; lastKnownFileType = sourcecode.swift; path = SingleRecipeToolBar.swift; sourceTree = "<group>"; };
		09B5467D2C859B820080EB4F /* SingleRecipeView.swift */ = {isa = PBXFileReference; fileEncoding = 4; lastKnownFileType = sourcecode.swift; path = SingleRecipeView.swift; sourceTree = "<group>"; };
		09B5467E2C859B820080EB4F /* ToolBarFavoriteButton.swift */ = {isa = PBXFileReference; fileEncoding = 4; lastKnownFileType = sourcecode.swift; path = ToolBarFavoriteButton.swift; sourceTree = "<group>"; };
		09B5467F2C859B820080EB4F /* ToolBarPlayButton.swift */ = {isa = PBXFileReference; fileEncoding = 4; lastKnownFileType = sourcecode.swift; path = ToolBarPlayButton.swift; sourceTree = "<group>"; };
		09B546802C859B820080EB4F /* ToolBarPrintButton.swift */ = {isa = PBXFileReference; fileEncoding = 4; lastKnownFileType = sourcecode.swift; path = ToolBarPrintButton.swift; sourceTree = "<group>"; };
		09B5468B2C86D29F0080EB4F /* HomeViewModel.swift */ = {isa = PBXFileReference; lastKnownFileType = sourcecode.swift; path = HomeViewModel.swift; sourceTree = "<group>"; };
		09B5468E2C86FECB0080EB4F /* testing4.json */ = {isa = PBXFileReference; fileEncoding = 4; lastKnownFileType = text.json; path = testing4.json; sourceTree = "<group>"; };
/* End PBXFileReference section */

/* Begin PBXFrameworksBuildPhase section */
		0906B4A22C3BADA30001ED27 /* Frameworks */ = {
			isa = PBXFrameworksBuildPhase;
			buildActionMask = 2147483647;
			files = (
				098F21E02C8F4F4B00B6F419 /* FirebaseDatabase in Frameworks */,
				098F21DE2C8F4F4B00B6F419 /* FirebaseAuth in Frameworks */,
			);
			runOnlyForDeploymentPostprocessing = 0;
		};
/* End PBXFrameworksBuildPhase section */

/* Begin PBXGroup section */
		0906B49C2C3BADA30001ED27 = {
			isa = PBXGroup;
			children = (
				0906B4A72C3BADA30001ED27 /* GetRecipesMMC */,
				0906B4A62C3BADA30001ED27 /* Products */,
			);
			sourceTree = "<group>";
		};
		0906B4A62C3BADA30001ED27 /* Products */ = {
			isa = PBXGroup;
			children = (
				0906B4A52C3BADA30001ED27 /* GetRecipesMMC.app */,
			);
			name = Products;
			sourceTree = "<group>";
		};
		0906B4A72C3BADA30001ED27 /* GetRecipesMMC */ = {
			isa = PBXGroup;
			children = (
				0906B4A82C3BADA30001ED27 /* GetRecipesMMCApp.swift */,
				0994F05E2C3CC5F3000B89A6 /* testing.json */,
				09B5466D2C857C5E0080EB4F /* testing1.json */,
				09B5466F2C857D9A0080EB4F /* testing2.json */,
				09B546702C857D9A0080EB4F /* testing3.json */,
				09B5468E2C86FECB0080EB4F /* testing4.json */,
				0994079F2C8B7FF900673053 /* testingTag.json */,
				09B5468D2C86E2570080EB4F /* ViewModels */,
				09B5468A2C86D27C0080EB4F /* Model */,
				09B5466A2C83EE680080EB4F /* Views */,
				0973BE092C4481F00042D183 /* Divider.swift */,
				091577C92C571AF6007A434A /* RatingView.swift */,
				09B546692C83EE540080EB4F /* Services */,
				0906B4AC2C3BADA50001ED27 /* Assets.xcassets */,
				098F21E12C8F4F8300B6F419 /* GoogleService-Info.plist */,
				0906B4AE2C3BADA50001ED27 /* Preview Content */,
			);
			path = GetRecipesMMC;
			sourceTree = "<group>";
		};
		0906B4AE2C3BADA50001ED27 /* Preview Content */ = {
			isa = PBXGroup;
			children = (
				0906B4AF2C3BADA50001ED27 /* Preview Assets.xcassets */,
			);
			path = "Preview Content";
			sourceTree = "<group>";
		};
		099407A12C8BF47D00673053 /* HomeView */ = {
			isa = PBXGroup;
			children = (
				09B546732C8583E50080EB4F /* HomeView.swift */,
				09B546752C8585EE0080EB4F /* RecipeCardView.swift */,
			);
			path = HomeView;
			sourceTree = "<group>";
		};
		099407A42C8BFC8900673053 /* SearchView */ = {
			isa = PBXGroup;
			children = (
				0906B4AA2C3BADA30001ED27 /* SearchResultView.swift */,
				099407A52C8BFDE700673053 /* SearchView.swift */,
				099407A72C8C002D00673053 /* SearchListView.swift */,
				099407A92C8C017D00673053 /* SearchTextFieldView.swift */,
				099407AB2C8C03A100673053 /* AddButtonView.swift */,
				099407AD2C8C0AB700673053 /* MealScrollView.swift */,
				099407AF2C8CB95F00673053 /* CuisineScrollView.swift */,
				099407B12C8D4FB200673053 /* SearchButtonView.swift */,
				099407B32C8D516F00673053 /* ClearButtonView.swift */,
			);
			path = SearchView;
			sourceTree = "<group>";
		};
		09B546692C83EE540080EB4F /* Services */ = {
			isa = PBXGroup;
			children = (
				0906B4B82C3BAE4C0001ED27 /* WebService.swift */,
				0906B4BA2C3BAEE40001ED27 /* APIError.swift */,
				0973BE0D2C4482380042D183 /* Utility.swift */,
			);
			path = Services;
			sourceTree = "<group>";
		};
		09B5466A2C83EE680080EB4F /* Views */ = {
			isa = PBXGroup;
			children = (
				099407A22C8BF54B00673053 /* ContentView.swift */,
				098FC4952C8AA0C800046330 /* MainTabView.swift */,
				0973BE0A2C4481F10042D183 /* RecipeCellView.swift */,
				09B546772C8599F70080EB4F /* TagListView.swift */,
				099407A42C8BFC8900673053 /* SearchView */,
				099407A12C8BF47D00673053 /* HomeView */,
				09B546812C859B820080EB4F /* SingleRecipe */,
			);
			path = Views;
			sourceTree = "<group>";
		};
		09B546812C859B820080EB4F /* SingleRecipe */ = {
			isa = PBXGroup;
			children = (
				09B546792C859B820080EB4F /* DescriptionView.swift */,
				09B5467A2C859B820080EB4F /* NutritionView.swift */,
				09B5467B2C859B820080EB4F /* RecipeVideoPlayerView.swift */,
				09B5467C2C859B820080EB4F /* SingleRecipeToolBar.swift */,
				09B5467D2C859B820080EB4F /* SingleRecipeView.swift */,
				09B5467E2C859B820080EB4F /* ToolBarFavoriteButton.swift */,
				09B5467F2C859B820080EB4F /* ToolBarPlayButton.swift */,
				09B546802C859B820080EB4F /* ToolBarPrintButton.swift */,
			);
			path = SingleRecipe;
			sourceTree = "<group>";
		};
		09B5468A2C86D27C0080EB4F /* Model */ = {
			isa = PBXGroup;
			children = (
				0906B4B62C3BAE270001ED27 /* Model.swift */,
			);
			path = Model;
			sourceTree = "<group>";
		};
		09B5468D2C86E2570080EB4F /* ViewModels */ = {
			isa = PBXGroup;
			children = (
				09B5468B2C86D29F0080EB4F /* HomeViewModel.swift */,
			);
			path = ViewModels;
			sourceTree = "<group>";
		};
/* End PBXGroup section */

/* Begin PBXNativeTarget section */
		0906B4A42C3BADA30001ED27 /* GetRecipesMMC */ = {
			isa = PBXNativeTarget;
			buildConfigurationList = 0906B4B32C3BADA50001ED27 /* Build configuration list for PBXNativeTarget "GetRecipesMMC" */;
			buildPhases = (
				0906B4A12C3BADA30001ED27 /* Sources */,
				0906B4A22C3BADA30001ED27 /* Frameworks */,
				0906B4A32C3BADA30001ED27 /* Resources */,
			);
			buildRules = (
			);
			dependencies = (
			);
			name = GetRecipesMMC;
			packageProductDependencies = (
				098F21DD2C8F4F4B00B6F419 /* FirebaseAuth */,
				098F21DF2C8F4F4B00B6F419 /* FirebaseDatabase */,
			);
			productName = GetRecipesMMC;
			productReference = 0906B4A52C3BADA30001ED27 /* GetRecipesMMC.app */;
			productType = "com.apple.product-type.application";
		};
/* End PBXNativeTarget section */

/* Begin PBXProject section */
		0906B49D2C3BADA30001ED27 /* Project object */ = {
			isa = PBXProject;
			attributes = {
				BuildIndependentTargetsInParallel = 1;
				LastSwiftUpdateCheck = 1540;
				LastUpgradeCheck = 1540;
				TargetAttributes = {
					0906B4A42C3BADA30001ED27 = {
						CreatedOnToolsVersion = 15.4;
					};
				};
			};
			buildConfigurationList = 0906B4A02C3BADA30001ED27 /* Build configuration list for PBXProject "GetRecipesMMC" */;
			compatibilityVersion = "Xcode 14.0";
			developmentRegion = en;
			hasScannedForEncodings = 0;
			knownRegions = (
				en,
				Base,
			);
			mainGroup = 0906B49C2C3BADA30001ED27;
			packageReferences = (
				098F21DC2C8F4F4B00B6F419 /* XCRemoteSwiftPackageReference "firebase-ios-sdk" */,
			);
			productRefGroup = 0906B4A62C3BADA30001ED27 /* Products */;
			projectDirPath = "";
			projectRoot = "";
			targets = (
				0906B4A42C3BADA30001ED27 /* GetRecipesMMC */,
			);
		};
/* End PBXProject section */

/* Begin PBXResourcesBuildPhase section */
		0906B4A32C3BADA30001ED27 /* Resources */ = {
			isa = PBXResourcesBuildPhase;
			buildActionMask = 2147483647;
			files = (
				09B5466E2C857C5E0080EB4F /* testing1.json in Resources */,
				099407A02C8B7FF900673053 /* testingTag.json in Resources */,
				098F21E22C8F4F8300B6F419 /* GoogleService-Info.plist in Resources */,
				09B546712C857D9A0080EB4F /* testing2.json in Resources */,
				09B546722C857D9A0080EB4F /* testing3.json in Resources */,
				0906B4B02C3BADA50001ED27 /* Preview Assets.xcassets in Resources */,
				0994F05F2C3CC5F3000B89A6 /* testing.json in Resources */,
				0906B4AD2C3BADA50001ED27 /* Assets.xcassets in Resources */,
				09B5468F2C86FECB0080EB4F /* testing4.json in Resources */,
			);
			runOnlyForDeploymentPostprocessing = 0;
		};
/* End PBXResourcesBuildPhase section */

/* Begin PBXSourcesBuildPhase section */
		0906B4A12C3BADA30001ED27 /* Sources */ = {
			isa = PBXSourcesBuildPhase;
			buildActionMask = 2147483647;
			files = (
				098FC4962C8AA0C800046330 /* MainTabView.swift in Sources */,
				0906B4B72C3BAE270001ED27 /* Model.swift in Sources */,
				099407B42C8D516F00673053 /* ClearButtonView.swift in Sources */,
				09B546852C859B820080EB4F /* SingleRecipeToolBar.swift in Sources */,
				09B546882C859B820080EB4F /* ToolBarPlayButton.swift in Sources */,
				099407A62C8BFDE700673053 /* SearchView.swift in Sources */,
				09B546762C8585EE0080EB4F /* RecipeCardView.swift in Sources */,
				099407B02C8CB95F00673053 /* CuisineScrollView.swift in Sources */,
				09B546822C859B820080EB4F /* DescriptionView.swift in Sources */,
				0906B4AB2C3BADA30001ED27 /* SearchResultView.swift in Sources */,
				09B546782C8599F70080EB4F /* TagListView.swift in Sources */,
				0906B4B92C3BAE4C0001ED27 /* WebService.swift in Sources */,
				099407AE2C8C0AB700673053 /* MealScrollView.swift in Sources */,
				09B546742C8583E50080EB4F /* HomeView.swift in Sources */,
				091577CA2C571AF6007A434A /* RatingView.swift in Sources */,
				0973BE0C2C4481F10042D183 /* RecipeCellView.swift in Sources */,
				09B546892C859B820080EB4F /* ToolBarPrintButton.swift in Sources */,
				09B546842C859B820080EB4F /* RecipeVideoPlayerView.swift in Sources */,
				0973BE0E2C4482380042D183 /* Utility.swift in Sources */,
				0973BE0B2C4481F10042D183 /* Divider.swift in Sources */,
				0906B4BB2C3BAEE40001ED27 /* APIError.swift in Sources */,
				099407A32C8BF54B00673053 /* ContentView.swift in Sources */,
				09B5468C2C86D29F0080EB4F /* HomeViewModel.swift in Sources */,
				099407B22C8D4FB200673053 /* SearchButtonView.swift in Sources */,
				0906B4A92C3BADA30001ED27 /* GetRecipesMMCApp.swift in Sources */,
				09B546872C859B820080EB4F /* ToolBarFavoriteButton.swift in Sources */,
				099407AA2C8C017D00673053 /* SearchTextFieldView.swift in Sources */,
				09B546832C859B820080EB4F /* NutritionView.swift in Sources */,
				09B546862C859B820080EB4F /* SingleRecipeView.swift in Sources */,
				099407AC2C8C03A100673053 /* AddButtonView.swift in Sources */,
				099407A82C8C002D00673053 /* SearchListView.swift in Sources */,
			);
			runOnlyForDeploymentPostprocessing = 0;
		};
/* End PBXSourcesBuildPhase section */

/* Begin XCBuildConfiguration section */
		0906B4B12C3BADA50001ED27 /* Debug */ = {
			isa = XCBuildConfiguration;
			buildSettings = {
				ALWAYS_SEARCH_USER_PATHS = NO;
				ASSETCATALOG_COMPILER_GENERATE_SWIFT_ASSET_SYMBOL_EXTENSIONS = YES;
				CLANG_ANALYZER_NONNULL = YES;
				CLANG_ANALYZER_NUMBER_OBJECT_CONVERSION = YES_AGGRESSIVE;
				CLANG_CXX_LANGUAGE_STANDARD = "gnu++20";
				CLANG_ENABLE_MODULES = YES;
				CLANG_ENABLE_OBJC_ARC = YES;
				CLANG_ENABLE_OBJC_WEAK = YES;
				CLANG_WARN_BLOCK_CAPTURE_AUTORELEASING = YES;
				CLANG_WARN_BOOL_CONVERSION = YES;
				CLANG_WARN_COMMA = YES;
				CLANG_WARN_CONSTANT_CONVERSION = YES;
				CLANG_WARN_DEPRECATED_OBJC_IMPLEMENTATIONS = YES;
				CLANG_WARN_DIRECT_OBJC_ISA_USAGE = YES_ERROR;
				CLANG_WARN_DOCUMENTATION_COMMENTS = YES;
				CLANG_WARN_EMPTY_BODY = YES;
				CLANG_WARN_ENUM_CONVERSION = YES;
				CLANG_WARN_INFINITE_RECURSION = YES;
				CLANG_WARN_INT_CONVERSION = YES;
				CLANG_WARN_NON_LITERAL_NULL_CONVERSION = YES;
				CLANG_WARN_OBJC_IMPLICIT_RETAIN_SELF = YES;
				CLANG_WARN_OBJC_LITERAL_CONVERSION = YES;
				CLANG_WARN_OBJC_ROOT_CLASS = YES_ERROR;
				CLANG_WARN_QUOTED_INCLUDE_IN_FRAMEWORK_HEADER = YES;
				CLANG_WARN_RANGE_LOOP_ANALYSIS = YES;
				CLANG_WARN_STRICT_PROTOTYPES = YES;
				CLANG_WARN_SUSPICIOUS_MOVE = YES;
				CLANG_WARN_UNGUARDED_AVAILABILITY = YES_AGGRESSIVE;
				CLANG_WARN_UNREACHABLE_CODE = YES;
				CLANG_WARN__DUPLICATE_METHOD_MATCH = YES;
				COPY_PHASE_STRIP = NO;
				DEBUG_INFORMATION_FORMAT = dwarf;
				ENABLE_STRICT_OBJC_MSGSEND = YES;
				ENABLE_TESTABILITY = YES;
				ENABLE_USER_SCRIPT_SANDBOXING = YES;
				GCC_C_LANGUAGE_STANDARD = gnu17;
				GCC_DYNAMIC_NO_PIC = NO;
				GCC_NO_COMMON_BLOCKS = YES;
				GCC_OPTIMIZATION_LEVEL = 0;
				GCC_PREPROCESSOR_DEFINITIONS = (
					"DEBUG=1",
					"$(inherited)",
				);
				GCC_WARN_64_TO_32_BIT_CONVERSION = YES;
				GCC_WARN_ABOUT_RETURN_TYPE = YES_ERROR;
				GCC_WARN_UNDECLARED_SELECTOR = YES;
				GCC_WARN_UNINITIALIZED_AUTOS = YES_AGGRESSIVE;
				GCC_WARN_UNUSED_FUNCTION = YES;
				GCC_WARN_UNUSED_VARIABLE = YES;
				IPHONEOS_DEPLOYMENT_TARGET = 17.0;
				LOCALIZATION_PREFERS_STRING_CATALOGS = YES;
				MTL_ENABLE_DEBUG_INFO = INCLUDE_SOURCE;
				MTL_FAST_MATH = YES;
				ONLY_ACTIVE_ARCH = YES;
				SDKROOT = iphoneos;
				SWIFT_ACTIVE_COMPILATION_CONDITIONS = "DEBUG $(inherited)";
				SWIFT_OPTIMIZATION_LEVEL = "-Onone";
			};
			name = Debug;
		};
		0906B4B22C3BADA50001ED27 /* Release */ = {
			isa = XCBuildConfiguration;
			buildSettings = {
				ALWAYS_SEARCH_USER_PATHS = NO;
				ASSETCATALOG_COMPILER_GENERATE_SWIFT_ASSET_SYMBOL_EXTENSIONS = YES;
				CLANG_ANALYZER_NONNULL = YES;
				CLANG_ANALYZER_NUMBER_OBJECT_CONVERSION = YES_AGGRESSIVE;
				CLANG_CXX_LANGUAGE_STANDARD = "gnu++20";
				CLANG_ENABLE_MODULES = YES;
				CLANG_ENABLE_OBJC_ARC = YES;
				CLANG_ENABLE_OBJC_WEAK = YES;
				CLANG_WARN_BLOCK_CAPTURE_AUTORELEASING = YES;
				CLANG_WARN_BOOL_CONVERSION = YES;
				CLANG_WARN_COMMA = YES;
				CLANG_WARN_CONSTANT_CONVERSION = YES;
				CLANG_WARN_DEPRECATED_OBJC_IMPLEMENTATIONS = YES;
				CLANG_WARN_DIRECT_OBJC_ISA_USAGE = YES_ERROR;
				CLANG_WARN_DOCUMENTATION_COMMENTS = YES;
				CLANG_WARN_EMPTY_BODY = YES;
				CLANG_WARN_ENUM_CONVERSION = YES;
				CLANG_WARN_INFINITE_RECURSION = YES;
				CLANG_WARN_INT_CONVERSION = YES;
				CLANG_WARN_NON_LITERAL_NULL_CONVERSION = YES;
				CLANG_WARN_OBJC_IMPLICIT_RETAIN_SELF = YES;
				CLANG_WARN_OBJC_LITERAL_CONVERSION = YES;
				CLANG_WARN_OBJC_ROOT_CLASS = YES_ERROR;
				CLANG_WARN_QUOTED_INCLUDE_IN_FRAMEWORK_HEADER = YES;
				CLANG_WARN_RANGE_LOOP_ANALYSIS = YES;
				CLANG_WARN_STRICT_PROTOTYPES = YES;
				CLANG_WARN_SUSPICIOUS_MOVE = YES;
				CLANG_WARN_UNGUARDED_AVAILABILITY = YES_AGGRESSIVE;
				CLANG_WARN_UNREACHABLE_CODE = YES;
				CLANG_WARN__DUPLICATE_METHOD_MATCH = YES;
				COPY_PHASE_STRIP = NO;
				DEBUG_INFORMATION_FORMAT = "dwarf-with-dsym";
				ENABLE_NS_ASSERTIONS = NO;
				ENABLE_STRICT_OBJC_MSGSEND = YES;
				ENABLE_USER_SCRIPT_SANDBOXING = YES;
				GCC_C_LANGUAGE_STANDARD = gnu17;
				GCC_NO_COMMON_BLOCKS = YES;
				GCC_WARN_64_TO_32_BIT_CONVERSION = YES;
				GCC_WARN_ABOUT_RETURN_TYPE = YES_ERROR;
				GCC_WARN_UNDECLARED_SELECTOR = YES;
				GCC_WARN_UNINITIALIZED_AUTOS = YES_AGGRESSIVE;
				GCC_WARN_UNUSED_FUNCTION = YES;
				GCC_WARN_UNUSED_VARIABLE = YES;
				IPHONEOS_DEPLOYMENT_TARGET = 17.0;
				LOCALIZATION_PREFERS_STRING_CATALOGS = YES;
				MTL_ENABLE_DEBUG_INFO = NO;
				MTL_FAST_MATH = YES;
				SDKROOT = iphoneos;
				SWIFT_COMPILATION_MODE = wholemodule;
				VALIDATE_PRODUCT = YES;
			};
			name = Release;
		};
		0906B4B42C3BADA50001ED27 /* Debug */ = {
			isa = XCBuildConfiguration;
			buildSettings = {
				ASSETCATALOG_COMPILER_APPICON_NAME = AppIcon;
				ASSETCATALOG_COMPILER_GLOBAL_ACCENT_COLOR_NAME = AccentColor;
				"CODE_SIGN_IDENTITY[sdk=iphoneos*]" = "iPhone Developer";
				CODE_SIGN_STYLE = Manual;
				CURRENT_PROJECT_VERSION = 1;
				DEVELOPMENT_ASSET_PATHS = "\"GetRecipesMMC/Preview Content\"";
				DEVELOPMENT_TEAM = "";
				"DEVELOPMENT_TEAM[sdk=iphoneos*]" = D2C435SLPG;
				ENABLE_PREVIEWS = YES;
				GENERATE_INFOPLIST_FILE = YES;
				INFOPLIST_KEY_CFBundleDisplayName = MasterCook;
				INFOPLIST_KEY_LSApplicationCategoryType = "public.app-category.food-and-drink";
				INFOPLIST_KEY_UIApplicationSceneManifest_Generation = YES;
				INFOPLIST_KEY_UIApplicationSupportsIndirectInputEvents = YES;
				INFOPLIST_KEY_UILaunchScreen_Generation = YES;
				INFOPLIST_KEY_UISupportedInterfaceOrientations = UIInterfaceOrientationPortrait;
				LD_RUNPATH_SEARCH_PATHS = (
					"$(inherited)",
					"@executable_path/Frameworks",
				);
				MARKETING_VERSION = 6.0;
				PRODUCT_BUNDLE_IDENTIFIER = ca.vgstudio.MasterCook;
				PRODUCT_NAME = "$(TARGET_NAME)";
				PROVISIONING_PROFILE_SPECIFIER = "";
				"PROVISIONING_PROFILE_SPECIFIER[sdk=iphoneos*]" = MyMasterCookDev;
				SUPPORTED_PLATFORMS = "iphoneos iphonesimulator";
				SUPPORTS_MACCATALYST = NO;
				SUPPORTS_MAC_DESIGNED_FOR_IPHONE_IPAD = NO;
				SUPPORTS_XR_DESIGNED_FOR_IPHONE_IPAD = NO;
				SWIFT_EMIT_LOC_STRINGS = YES;
				SWIFT_VERSION = 5.0;
				TARGETED_DEVICE_FAMILY = 1;
			};
			name = Debug;
		};
		0906B4B52C3BADA50001ED27 /* Release */ = {
			isa = XCBuildConfiguration;
			buildSettings = {
				ASSETCATALOG_COMPILER_APPICON_NAME = AppIcon;
				ASSETCATALOG_COMPILER_GLOBAL_ACCENT_COLOR_NAME = AccentColor;
				"CODE_SIGN_IDENTITY[sdk=iphoneos*]" = "iPhone Developer";
				CODE_SIGN_STYLE = Manual;
				CURRENT_PROJECT_VERSION = 1;
				DEVELOPMENT_ASSET_PATHS = "\"GetRecipesMMC/Preview Content\"";
				DEVELOPMENT_TEAM = "";
				"DEVELOPMENT_TEAM[sdk=iphoneos*]" = D2C435SLPG;
				ENABLE_PREVIEWS = YES;
				GENERATE_INFOPLIST_FILE = YES;
				INFOPLIST_KEY_CFBundleDisplayName = MasterCook;
				INFOPLIST_KEY_LSApplicationCategoryType = "public.app-category.food-and-drink";
				INFOPLIST_KEY_UIApplicationSceneManifest_Generation = YES;
				INFOPLIST_KEY_UIApplicationSupportsIndirectInputEvents = YES;
				INFOPLIST_KEY_UILaunchScreen_Generation = YES;
				INFOPLIST_KEY_UISupportedInterfaceOrientations = UIInterfaceOrientationPortrait;
				LD_RUNPATH_SEARCH_PATHS = (
					"$(inherited)",
					"@executable_path/Frameworks",
				);
				MARKETING_VERSION = 6.0;
				PRODUCT_BUNDLE_IDENTIFIER = ca.vgstudio.MasterCook;
				PRODUCT_NAME = "$(TARGET_NAME)";
				PROVISIONING_PROFILE_SPECIFIER = "";
				"PROVISIONING_PROFILE_SPECIFIER[sdk=iphoneos*]" = MyMasterCookDev;
				SUPPORTED_PLATFORMS = "iphoneos iphonesimulator";
				SUPPORTS_MACCATALYST = NO;
				SUPPORTS_MAC_DESIGNED_FOR_IPHONE_IPAD = NO;
				SUPPORTS_XR_DESIGNED_FOR_IPHONE_IPAD = NO;
				SWIFT_EMIT_LOC_STRINGS = YES;
				SWIFT_VERSION = 5.0;
				TARGETED_DEVICE_FAMILY = 1;
			};
			name = Release;
		};
/* End XCBuildConfiguration section */

/* Begin XCConfigurationList section */
		0906B4A02C3BADA30001ED27 /* Build configuration list for PBXProject "GetRecipesMMC" */ = {
			isa = XCConfigurationList;
			buildConfigurations = (
				0906B4B12C3BADA50001ED27 /* Debug */,
				0906B4B22C3BADA50001ED27 /* Release */,
			);
			defaultConfigurationIsVisible = 0;
			defaultConfigurationName = Release;
		};
		0906B4B32C3BADA50001ED27 /* Build configuration list for PBXNativeTarget "GetRecipesMMC" */ = {
			isa = XCConfigurationList;
			buildConfigurations = (
				0906B4B42C3BADA50001ED27 /* Debug */,
				0906B4B52C3BADA50001ED27 /* Release */,
			);
			defaultConfigurationIsVisible = 0;
			defaultConfigurationName = Release;
		};
/* End XCConfigurationList section */

/* Begin XCRemoteSwiftPackageReference section */
		098F21DC2C8F4F4B00B6F419 /* XCRemoteSwiftPackageReference "firebase-ios-sdk" */ = {
			isa = XCRemoteSwiftPackageReference;
			repositoryURL = "https://github.com/firebase/firebase-ios-sdk.git";
			requirement = {
				kind = upToNextMajorVersion;
				minimumVersion = 11.1.0;
			};
		};
/* End XCRemoteSwiftPackageReference section */

/* Begin XCSwiftPackageProductDependency section */
		098F21DD2C8F4F4B00B6F419 /* FirebaseAuth */ = {
			isa = XCSwiftPackageProductDependency;
			package = 098F21DC2C8F4F4B00B6F419 /* XCRemoteSwiftPackageReference "firebase-ios-sdk" */;
			productName = FirebaseAuth;
		};
		098F21DF2C8F4F4B00B6F419 /* FirebaseDatabase */ = {
			isa = XCSwiftPackageProductDependency;
			package = 098F21DC2C8F4F4B00B6F419 /* XCRemoteSwiftPackageReference "firebase-ios-sdk" */;
			productName = FirebaseDatabase;
		};
/* End XCSwiftPackageProductDependency section */
	};
	rootObject = 0906B49D2C3BADA30001ED27 /* Project object */;
}
